// !$*UTF8*$!
{
	archiveVersion = 1;
	classes = {
	};
	objectVersion = 56;
	objects = {

/* Begin PBXBuildFile section */
		A9147C20A4484692EB11B038 /* Pods_CodableUtils.framework in Frameworks */ = {isa = PBXBuildFile; fileRef = 8B307BA1C38C26EDBE653267 /* Pods_CodableUtils.framework */; };
		AE25B20E2CD496FA00C612BE /* Codextended.swift in Sources */ = {isa = PBXBuildFile; fileRef = AE25B1FD2CD496FA00C612BE /* Codextended.swift */; };
		AE25B20F2CD496FA00C612BE /* DecodableDefault.swift in Sources */ = {isa = PBXBuildFile; fileRef = AE25B1FE2CD496FA00C612BE /* DecodableDefault.swift */; };
		AE25B2102CD496FA00C612BE /* JSON.swift in Sources */ = {isa = PBXBuildFile; fileRef = AE25B1FF2CD496FA00C612BE /* JSON.swift */; };
		AE25B2112CD496FA00C612BE /* JSONCodable.swift in Sources */ = {isa = PBXBuildFile; fileRef = AE25B2002CD496FA00C612BE /* JSONCodable.swift */; };
		AE25B2122CD496FA00C612BE /* JSONDecoder+Extesion.swift in Sources */ = {isa = PBXBuildFile; fileRef = AE25B2012CD496FA00C612BE /* JSONDecoder+Extesion.swift */; };
		AE25B2132CD496FA00C612BE /* ResponseUtils.swift in Sources */ = {isa = PBXBuildFile; fileRef = AE25B2022CD496FA00C612BE /* ResponseUtils.swift */; };
		AE25B2142CD496FA00C612BE /* AppDelegate.swift in Sources */ = {isa = PBXBuildFile; fileRef = AE25B2042CD496FA00C612BE /* AppDelegate.swift */; };
		AE25B2152CD496FA00C612BE /* Assets.xcassets in Resources */ = {isa = PBXBuildFile; fileRef = AE25B2052CD496FA00C612BE /* Assets.xcassets */; };
		AE25B2172CD496FA00C612BE /* LaunchScreen.storyboard in Resources */ = {isa = PBXBuildFile; fileRef = AE25B2082CD496FA00C612BE /* LaunchScreen.storyboard */; };
		AE25B2182CD496FA00C612BE /* Main.storyboard in Resources */ = {isa = PBXBuildFile; fileRef = AE25B20A2CD496FA00C612BE /* Main.storyboard */; };
		AE25B2192CD496FA00C612BE /* SceneDelegate.swift in Sources */ = {isa = PBXBuildFile; fileRef = AE25B20B2CD496FA00C612BE /* SceneDelegate.swift */; };
		AE25B21A2CD496FA00C612BE /* ViewController.swift in Sources */ = {isa = PBXBuildFile; fileRef = AE25B20C2CD496FA00C612BE /* ViewController.swift */; };
/* End PBXBuildFile section */

/* Begin PBXFileReference section */
		47C176BC668CFE5D788E9EAB /* Pods-CodableExtensions.debug.xcconfig */ = {isa = PBXFileReference; includeInIndex = 1; lastKnownFileType = text.xcconfig; name = "Pods-CodableExtensions.debug.xcconfig"; path = "Target Support Files/Pods-CodableExtensions/Pods-CodableExtensions.debug.xcconfig"; sourceTree = "<group>"; };
		64D901B4667C63523E34CCCD /* Pods-CodableUtils.debug.xcconfig */ = {isa = PBXFileReference; includeInIndex = 1; lastKnownFileType = text.xcconfig; name = "Pods-CodableUtils.debug.xcconfig"; path = "Target Support Files/Pods-CodableUtils/Pods-CodableUtils.debug.xcconfig"; sourceTree = "<group>"; };
		8B307BA1C38C26EDBE653267 /* Pods_CodableUtils.framework */ = {isa = PBXFileReference; explicitFileType = wrapper.framework; includeInIndex = 0; path = Pods_CodableUtils.framework; sourceTree = BUILT_PRODUCTS_DIR; };
		AE25B1FD2CD496FA00C612BE /* Codextended.swift */ = {isa = PBXFileReference; fileEncoding = 4; lastKnownFileType = sourcecode.swift; path = Codextended.swift; sourceTree = "<group>"; };
		AE25B1FE2CD496FA00C612BE /* DecodableDefault.swift */ = {isa = PBXFileReference; fileEncoding = 4; lastKnownFileType = sourcecode.swift; path = DecodableDefault.swift; sourceTree = "<group>"; };
		AE25B1FF2CD496FA00C612BE /* JSON.swift */ = {isa = PBXFileReference; fileEncoding = 4; lastKnownFileType = sourcecode.swift; path = JSON.swift; sourceTree = "<group>"; };
		AE25B2002CD496FA00C612BE /* JSONCodable.swift */ = {isa = PBXFileReference; fileEncoding = 4; lastKnownFileType = sourcecode.swift; path = JSONCodable.swift; sourceTree = "<group>"; };
		AE25B2012CD496FA00C612BE /* JSONDecoder+Extesion.swift */ = {isa = PBXFileReference; fileEncoding = 4; lastKnownFileType = sourcecode.swift; path = "JSONDecoder+Extesion.swift"; sourceTree = "<group>"; };
		AE25B2022CD496FA00C612BE /* ResponseUtils.swift */ = {isa = PBXFileReference; fileEncoding = 4; lastKnownFileType = sourcecode.swift; path = ResponseUtils.swift; sourceTree = "<group>"; };
		AE25B2042CD496FA00C612BE /* AppDelegate.swift */ = {isa = PBXFileReference; fileEncoding = 4; lastKnownFileType = sourcecode.swift; path = AppDelegate.swift; sourceTree = "<group>"; };
		AE25B2052CD496FA00C612BE /* Assets.xcassets */ = {isa = PBXFileReference; lastKnownFileType = folder.assetcatalog; path = Assets.xcassets; sourceTree = "<group>"; };
		AE25B2062CD496FA00C612BE /* Info.plist */ = {isa = PBXFileReference; fileEncoding = 4; lastKnownFileType = text.plist.xml; path = Info.plist; sourceTree = "<group>"; };
		AE25B2072CD496FA00C612BE /* Base */ = {isa = PBXFileReference; lastKnownFileType = file.storyboard; name = Base; path = Base.lproj/LaunchScreen.storyboard; sourceTree = "<group>"; };
		AE25B2092CD496FA00C612BE /* Base */ = {isa = PBXFileReference; lastKnownFileType = file.storyboard; name = Base; path = Base.lproj/Main.storyboard; sourceTree = "<group>"; };
		AE25B20B2CD496FA00C612BE /* SceneDelegate.swift */ = {isa = PBXFileReference; fileEncoding = 4; lastKnownFileType = sourcecode.swift; path = SceneDelegate.swift; sourceTree = "<group>"; };
		AE25B20C2CD496FA00C612BE /* ViewController.swift */ = {isa = PBXFileReference; fileEncoding = 4; lastKnownFileType = sourcecode.swift; path = ViewController.swift; sourceTree = "<group>"; };
		AE6FD85F2AE0CD31002F5A88 /* CodableUtils.app */ = {isa = PBXFileReference; explicitFileType = wrapper.application; includeInIndex = 0; path = CodableUtils.app; sourceTree = BUILT_PRODUCTS_DIR; };
		D4CA11B970C4209E6E95D12B /* Pods-CodableUtils.release.xcconfig */ = {isa = PBXFileReference; includeInIndex = 1; lastKnownFileType = text.xcconfig; name = "Pods-CodableUtils.release.xcconfig"; path = "Target Support Files/Pods-CodableUtils/Pods-CodableUtils.release.xcconfig"; sourceTree = "<group>"; };
		E3153FB16714F7842A3465C0 /* Pods-CodableExtensions.release.xcconfig */ = {isa = PBXFileReference; includeInIndex = 1; lastKnownFileType = text.xcconfig; name = "Pods-CodableExtensions.release.xcconfig"; path = "Target Support Files/Pods-CodableExtensions/Pods-CodableExtensions.release.xcconfig"; sourceTree = "<group>"; };
/* End PBXFileReference section */

/* Begin PBXFrameworksBuildPhase section */
		AE6FD85C2AE0CD31002F5A88 /* Frameworks */ = {
			isa = PBXFrameworksBuildPhase;
			buildActionMask = 2147483647;
			files = (
				A9147C20A4484692EB11B038 /* Pods_CodableUtils.framework in Frameworks */,
			);
			runOnlyForDeploymentPostprocessing = 0;
		};
/* End PBXFrameworksBuildPhase section */

/* Begin PBXGroup section */
		7A08FB6718AE644691184A9E /* Pods */ = {
			isa = PBXGroup;
			children = (
				47C176BC668CFE5D788E9EAB /* Pods-CodableExtensions.debug.xcconfig */,
				E3153FB16714F7842A3465C0 /* Pods-CodableExtensions.release.xcconfig */,
				64D901B4667C63523E34CCCD /* Pods-CodableUtils.debug.xcconfig */,
				D4CA11B970C4209E6E95D12B /* Pods-CodableUtils.release.xcconfig */,
			);
			path = Pods;
			sourceTree = "<group>";
		};
		AE25B2032CD496FA00C612BE /* Sources */ = {
			isa = PBXGroup;
			children = (
				AE25B1FD2CD496FA00C612BE /* Codextended.swift */,
				AE25B1FE2CD496FA00C612BE /* DecodableDefault.swift */,
				AE25B1FF2CD496FA00C612BE /* JSON.swift */,
				AE25B2002CD496FA00C612BE /* JSONCodable.swift */,
				AE25B2012CD496FA00C612BE /* JSONDecoder+Extesion.swift */,
				AE25B2022CD496FA00C612BE /* ResponseUtils.swift */,
			);
			path = Sources;
			sourceTree = "<group>";
		};
		AE25B20D2CD496FA00C612BE /* CodableUtils */ = {
			isa = PBXGroup;
			children = (
				AE25B2032CD496FA00C612BE /* Sources */,
				AE25B2042CD496FA00C612BE /* AppDelegate.swift */,
				AE25B2052CD496FA00C612BE /* Assets.xcassets */,
				AE25B2062CD496FA00C612BE /* Info.plist */,
				AE25B2082CD496FA00C612BE /* LaunchScreen.storyboard */,
				AE25B20A2CD496FA00C612BE /* Main.storyboard */,
				AE25B20B2CD496FA00C612BE /* SceneDelegate.swift */,
				AE25B20C2CD496FA00C612BE /* ViewController.swift */,
			);
			path = CodableUtils;
			sourceTree = "<group>";
		};
		AE6FD8562AE0CD31002F5A88 = {
			isa = PBXGroup;
			children = (
				AE25B20D2CD496FA00C612BE /* CodableUtils */,
				AE6FD8602AE0CD31002F5A88 /* Products */,
				7A08FB6718AE644691184A9E /* Pods */,
				EC52DD70712FA81D856305CB /* Frameworks */,
			);
			sourceTree = "<group>";
		};
		AE6FD8602AE0CD31002F5A88 /* Products */ = {
			isa = PBXGroup;
			children = (
				AE6FD85F2AE0CD31002F5A88 /* CodableUtils.app */,
			);
			name = Products;
			sourceTree = "<group>";
		};
		EC52DD70712FA81D856305CB /* Frameworks */ = {
			isa = PBXGroup;
			children = (
				8B307BA1C38C26EDBE653267 /* Pods_CodableUtils.framework */,
			);
			name = Frameworks;
			sourceTree = "<group>";
		};
/* End PBXGroup section */

/* Begin PBXNativeTarget section */
		AE6FD85E2AE0CD31002F5A88 /* CodableUtils */ = {
			isa = PBXNativeTarget;
			buildConfigurationList = AE6FD8732AE0CD32002F5A88 /* Build configuration list for PBXNativeTarget "CodableUtils" */;
			buildPhases = (
				6028824B5DB0CF0329A5F6C8 /* [CP] Check Pods Manifest.lock */,
				AE6FD85B2AE0CD31002F5A88 /* Sources */,
				AE6FD85C2AE0CD31002F5A88 /* Frameworks */,
				AE6FD85D2AE0CD31002F5A88 /* Resources */,
			);
			buildRules = (
			);
			dependencies = (
			);
			name = CodableUtils;
			productName = CodableExtensions;
			productReference = AE6FD85F2AE0CD31002F5A88 /* CodableUtils.app */;
			productType = "com.apple.product-type.application";
		};
/* End PBXNativeTarget section */

/* Begin PBXProject section */
		AE6FD8572AE0CD31002F5A88 /* Project object */ = {
			isa = PBXProject;
			attributes = {
				BuildIndependentTargetsInParallel = 1;
				LastSwiftUpdateCheck = 1430;
				LastUpgradeCheck = 1430;
				TargetAttributes = {
					AE6FD85E2AE0CD31002F5A88 = {
						CreatedOnToolsVersion = 14.3.1;
					};
				};
			};
			buildConfigurationList = AE6FD85A2AE0CD31002F5A88 /* Build configuration list for PBXProject "CodableUtils" */;
			compatibilityVersion = "Xcode 14.0";
			developmentRegion = en;
			hasScannedForEncodings = 0;
			knownRegions = (
				en,
				Base,
			);
			mainGroup = AE6FD8562AE0CD31002F5A88;
			productRefGroup = AE6FD8602AE0CD31002F5A88 /* Products */;
			projectDirPath = "";
			projectRoot = "";
			targets = (
				AE6FD85E2AE0CD31002F5A88 /* CodableUtils */,
			);
		};
/* End PBXProject section */

/* Begin PBXResourcesBuildPhase section */
		AE6FD85D2AE0CD31002F5A88 /* Resources */ = {
			isa = PBXResourcesBuildPhase;
			buildActionMask = 2147483647;
			files = (
				AE25B2172CD496FA00C612BE /* LaunchScreen.storyboard in Resources */,
				AE25B2152CD496FA00C612BE /* Assets.xcassets in Resources */,
				AE25B2182CD496FA00C612BE /* Main.storyboard in Resources */,
			);
			runOnlyForDeploymentPostprocessing = 0;
		};
/* End PBXResourcesBuildPhase section */

/* Begin PBXShellScriptBuildPhase section */
		6028824B5DB0CF0329A5F6C8 /* [CP] Check Pods Manifest.lock */ = {
			isa = PBXShellScriptBuildPhase;
			buildActionMask = 2147483647;
			files = (
			);
			inputFileListPaths = (
			);
			inputPaths = (
				"${PODS_PODFILE_DIR_PATH}/Podfile.lock",
				"${PODS_ROOT}/Manifest.lock",
			);
			name = "[CP] Check Pods Manifest.lock";
			outputFileListPaths = (
			);
			outputPaths = (
				"$(DERIVED_FILE_DIR)/Pods-CodableUtils-checkManifestLockResult.txt",
			);
			runOnlyForDeploymentPostprocessing = 0;
			shellPath = /bin/sh;
			shellScript = "diff \"${PODS_PODFILE_DIR_PATH}/Podfile.lock\" \"${PODS_ROOT}/Manifest.lock\" > /dev/null\nif [ $? != 0 ] ; then\n    # print error to STDERR\n    echo \"error: The sandbox is not in sync with the Podfile.lock. Run 'pod install' or update your CocoaPods installation.\" >&2\n    exit 1\nfi\n# This output is used by Xcode 'outputs' to avoid re-running this script phase.\necho \"SUCCESS\" > \"${SCRIPT_OUTPUT_FILE_0}\"\n";
			showEnvVarsInLog = 0;
		};
/* End PBXShellScriptBuildPhase section */

/* Begin PBXSourcesBuildPhase section */
		AE6FD85B2AE0CD31002F5A88 /* Sources */ = {
			isa = PBXSourcesBuildPhase;
			buildActionMask = 2147483647;
			files = (
				AE25B2132CD496FA00C612BE /* ResponseUtils.swift in Sources */,
				AE25B2122CD496FA00C612BE /* JSONDecoder+Extesion.swift in Sources */,
				AE25B2112CD496FA00C612BE /* JSONCodable.swift in Sources */,
				AE25B21A2CD496FA00C612BE /* ViewController.swift in Sources */,
				AE25B2102CD496FA00C612BE /* JSON.swift in Sources */,
				AE25B2142CD496FA00C612BE /* AppDelegate.swift in Sources */,
				AE25B20E2CD496FA00C612BE /* Codextended.swift in Sources */,
				AE25B20F2CD496FA00C612BE /* DecodableDefault.swift in Sources */,
				AE25B2192CD496FA00C612BE /* SceneDelegate.swift in Sources */,
			);
			runOnlyForDeploymentPostprocessing = 0;
		};
/* End PBXSourcesBuildPhase section */

/* Begin PBXVariantGroup section */
		AE25B2082CD496FA00C612BE /* LaunchScreen.storyboard */ = {
			isa = PBXVariantGroup;
			children = (
				AE25B2072CD496FA00C612BE /* Base */,
			);
			name = LaunchScreen.storyboard;
			sourceTree = "<group>";
		};
		AE25B20A2CD496FA00C612BE /* Main.storyboard */ = {
			isa = PBXVariantGroup;
			children = (
				AE25B2092CD496FA00C612BE /* Base */,
			);
			name = Main.storyboard;
			sourceTree = "<group>";
		};
/* End PBXVariantGroup section */

/* Begin XCBuildConfiguration section */
		AE6FD8712AE0CD32002F5A88 /* Debug */ = {
			isa = XCBuildConfiguration;
			buildSettings = {
				ALWAYS_SEARCH_USER_PATHS = NO;
				CLANG_ANALYZER_NONNULL = YES;
				CLANG_ANALYZER_NUMBER_OBJECT_CONVERSION = YES_AGGRESSIVE;
				CLANG_CXX_LANGUAGE_STANDARD = "gnu++20";
				CLANG_ENABLE_MODULES = YES;
				CLANG_ENABLE_OBJC_ARC = YES;
				CLANG_ENABLE_OBJC_WEAK = YES;
				CLANG_WARN_BLOCK_CAPTURE_AUTORELEASING = YES;
				CLANG_WARN_BOOL_CONVERSION = YES;
				CLANG_WARN_COMMA = YES;
				CLANG_WARN_CONSTANT_CONVERSION = YES;
				CLANG_WARN_DEPRECATED_OBJC_IMPLEMENTATIONS = YES;
				CLANG_WARN_DIRECT_OBJC_ISA_USAGE = YES_ERROR;
				CLANG_WARN_DOCUMENTATION_COMMENTS = YES;
				CLANG_WARN_EMPTY_BODY = YES;
				CLANG_WARN_ENUM_CONVERSION = YES;
				CLANG_WARN_INFINITE_RECURSION = YES;
				CLANG_WARN_INT_CONVERSION = YES;
				CLANG_WARN_NON_LITERAL_NULL_CONVERSION = YES;
				CLANG_WARN_OBJC_IMPLICIT_RETAIN_SELF = YES;
				CLANG_WARN_OBJC_LITERAL_CONVERSION = YES;
				CLANG_WARN_OBJC_ROOT_CLASS = YES_ERROR;
				CLANG_WARN_QUOTED_INCLUDE_IN_FRAMEWORK_HEADER = YES;
				CLANG_WARN_RANGE_LOOP_ANALYSIS = YES;
				CLANG_WARN_STRICT_PROTOTYPES = YES;
				CLANG_WARN_SUSPICIOUS_MOVE = YES;
				CLANG_WARN_UNGUARDED_AVAILABILITY = YES_AGGRESSIVE;
				CLANG_WARN_UNREACHABLE_CODE = YES;
				CLANG_WARN__DUPLICATE_METHOD_MATCH = YES;
				COPY_PHASE_STRIP = NO;
				DEBUG_INFORMATION_FORMAT = dwarf;
				ENABLE_STRICT_OBJC_MSGSEND = YES;
				ENABLE_TESTABILITY = YES;
				GCC_C_LANGUAGE_STANDARD = gnu11;
				GCC_DYNAMIC_NO_PIC = NO;
				GCC_NO_COMMON_BLOCKS = YES;
				GCC_OPTIMIZATION_LEVEL = 0;
				GCC_PREPROCESSOR_DEFINITIONS = (
					"DEBUG=1",
					"$(inherited)",
				);
				GCC_WARN_64_TO_32_BIT_CONVERSION = YES;
				GCC_WARN_ABOUT_RETURN_TYPE = YES_ERROR;
				GCC_WARN_UNDECLARED_SELECTOR = YES;
				GCC_WARN_UNINITIALIZED_AUTOS = YES_AGGRESSIVE;
				GCC_WARN_UNUSED_FUNCTION = YES;
				GCC_WARN_UNUSED_VARIABLE = YES;
				IPHONEOS_DEPLOYMENT_TARGET = 13.0;
				MTL_ENABLE_DEBUG_INFO = INCLUDE_SOURCE;
				MTL_FAST_MATH = YES;
				ONLY_ACTIVE_ARCH = YES;
				SDKROOT = iphoneos;
				SWIFT_ACTIVE_COMPILATION_CONDITIONS = DEBUG;
				SWIFT_OPTIMIZATION_LEVEL = "-Onone";
			};
			name = Debug;
		};
		AE6FD8722AE0CD32002F5A88 /* Release */ = {
			isa = XCBuildConfiguration;
			buildSettings = {
				ALWAYS_SEARCH_USER_PATHS = NO;
				CLANG_ANALYZER_NONNULL = YES;
				CLANG_ANALYZER_NUMBER_OBJECT_CONVERSION = YES_AGGRESSIVE;
				CLANG_CXX_LANGUAGE_STANDARD = "gnu++20";
				CLANG_ENABLE_MODULES = YES;
				CLANG_ENABLE_OBJC_ARC = YES;
				CLANG_ENABLE_OBJC_WEAK = YES;
				CLANG_WARN_BLOCK_CAPTURE_AUTORELEASING = YES;
				CLANG_WARN_BOOL_CONVERSION = YES;
				CLANG_WARN_COMMA = YES;
				CLANG_WARN_CONSTANT_CONVERSION = YES;
				CLANG_WARN_DEPRECATED_OBJC_IMPLEMENTATIONS = YES;
				CLANG_WARN_DIRECT_OBJC_ISA_USAGE = YES_ERROR;
				CLANG_WARN_DOCUMENTATION_COMMENTS = YES;
				CLANG_WARN_EMPTY_BODY = YES;
				CLANG_WARN_ENUM_CONVERSION = YES;
				CLANG_WARN_INFINITE_RECURSION = YES;
				CLANG_WARN_INT_CONVERSION = YES;
				CLANG_WARN_NON_LITERAL_NULL_CONVERSION = YES;
				CLANG_WARN_OBJC_IMPLICIT_RETAIN_SELF = YES;
				CLANG_WARN_OBJC_LITERAL_CONVERSION = YES;
				CLANG_WARN_OBJC_ROOT_CLASS = YES_ERROR;
				CLANG_WARN_QUOTED_INCLUDE_IN_FRAMEWORK_HEADER = YES;
				CLANG_WARN_RANGE_LOOP_ANALYSIS = YES;
				CLANG_WARN_STRICT_PROTOTYPES = YES;
				CLANG_WARN_SUSPICIOUS_MOVE = YES;
				CLANG_WARN_UNGUARDED_AVAILABILITY = YES_AGGRESSIVE;
				CLANG_WARN_UNREACHABLE_CODE = YES;
				CLANG_WARN__DUPLICATE_METHOD_MATCH = YES;
				COPY_PHASE_STRIP = NO;
				DEBUG_INFORMATION_FORMAT = "dwarf-with-dsym";
				ENABLE_NS_ASSERTIONS = NO;
				ENABLE_STRICT_OBJC_MSGSEND = YES;
				GCC_C_LANGUAGE_STANDARD = gnu11;
				GCC_NO_COMMON_BLOCKS = YES;
				GCC_WARN_64_TO_32_BIT_CONVERSION = YES;
				GCC_WARN_ABOUT_RETURN_TYPE = YES_ERROR;
				GCC_WARN_UNDECLARED_SELECTOR = YES;
				GCC_WARN_UNINITIALIZED_AUTOS = YES_AGGRESSIVE;
				GCC_WARN_UNUSED_FUNCTION = YES;
				GCC_WARN_UNUSED_VARIABLE = YES;
				IPHONEOS_DEPLOYMENT_TARGET = 13.0;
				MTL_ENABLE_DEBUG_INFO = NO;
				MTL_FAST_MATH = YES;
				SDKROOT = iphoneos;
				SWIFT_COMPILATION_MODE = wholemodule;
				SWIFT_OPTIMIZATION_LEVEL = "-O";
				VALIDATE_PRODUCT = YES;
			};
			name = Release;
		};
		AE6FD8742AE0CD32002F5A88 /* Debug */ = {
			isa = XCBuildConfiguration;
			baseConfigurationReference = 64D901B4667C63523E34CCCD /* Pods-CodableUtils.debug.xcconfig */;
			buildSettings = {
				ASSETCATALOG_COMPILER_APPICON_NAME = AppIcon;
				ASSETCATALOG_COMPILER_GLOBAL_ACCENT_COLOR_NAME = AccentColor;
				CODE_SIGN_STYLE = Automatic;
				CURRENT_PROJECT_VERSION = 1;
				GENERATE_INFOPLIST_FILE = YES;
				INFOPLIST_FILE = CodableUtils/Info.plist;
				INFOPLIST_KEY_UIApplicationSupportsIndirectInputEvents = YES;
				INFOPLIST_KEY_UILaunchStoryboardName = LaunchScreen;
				INFOPLIST_KEY_UIMainStoryboardFile = Main;
				INFOPLIST_KEY_UISupportedInterfaceOrientations_iPad = "UIInterfaceOrientationPortrait UIInterfaceOrientationPortraitUpsideDown UIInterfaceOrientationLandscapeLeft UIInterfaceOrientationLandscapeRight";
				INFOPLIST_KEY_UISupportedInterfaceOrientations_iPhone = "UIInterfaceOrientationPortrait UIInterfaceOrientationLandscapeLeft UIInterfaceOrientationLandscapeRight";
				LD_RUNPATH_SEARCH_PATHS = (
					"$(inherited)",
					"@executable_path/Frameworks",
				);
				MARKETING_VERSION = 1.0;
				PRODUCT_BUNDLE_IDENTIFIER = com.dragon.CodableExtensions;
				PRODUCT_NAME = "$(TARGET_NAME)";
				SWIFT_EMIT_LOC_STRINGS = YES;
				SWIFT_VERSION = 5.0;
				TARGETED_DEVICE_FAMILY = "1,2";
			};
			name = Debug;
		};
		AE6FD8752AE0CD32002F5A88 /* Release */ = {
			isa = XCBuildConfiguration;
			baseConfigurationReference = D4CA11B970C4209E6E95D12B /* Pods-CodableUtils.release.xcconfig */;
			buildSettings = {
				ASSETCATALOG_COMPILER_APPICON_NAME = AppIcon;
				ASSETCATALOG_COMPILER_GLOBAL_ACCENT_COLOR_NAME = AccentColor;
				CODE_SIGN_STYLE = Automatic;
				CURRENT_PROJECT_VERSION = 1;
				GENERATE_INFOPLIST_FILE = YES;
				INFOPLIST_FILE = CodableUtils/Info.plist;
				INFOPLIST_KEY_UIApplicationSupportsIndirectInputEvents = YES;
				INFOPLIST_KEY_UILaunchStoryboardName = LaunchScreen;
				INFOPLIST_KEY_UIMainStoryboardFile = Main;
				INFOPLIST_KEY_UISupportedInterfaceOrientations_iPad = "UIInterfaceOrientationPortrait UIInterfaceOrientationPortraitUpsideDown UIInterfaceOrientationLandscapeLeft UIInterfaceOrientationLandscapeRight";
				INFOPLIST_KEY_UISupportedInterfaceOrientations_iPhone = "UIInterfaceOrientationPortrait UIInterfaceOrientationLandscapeLeft UIInterfaceOrientationLandscapeRight";
				LD_RUNPATH_SEARCH_PATHS = (
					"$(inherited)",
					"@executable_path/Frameworks",
				);
				MARKETING_VERSION = 1.0;
				PRODUCT_BUNDLE_IDENTIFIER = com.dragon.CodableExtensions;
				PRODUCT_NAME = "$(TARGET_NAME)";
				SWIFT_EMIT_LOC_STRINGS = YES;
				SWIFT_VERSION = 5.0;
				TARGETED_DEVICE_FAMILY = "1,2";
			};
			name = Release;
		};
/* End XCBuildConfiguration section */

/* Begin XCConfigurationList section */
		AE6FD85A2AE0CD31002F5A88 /* Build configuration list for PBXProject "CodableUtils" */ = {
			isa = XCConfigurationList;
			buildConfigurations = (
				AE6FD8712AE0CD32002F5A88 /* Debug */,
				AE6FD8722AE0CD32002F5A88 /* Release */,
			);
			defaultConfigurationIsVisible = 0;
			defaultConfigurationName = Release;
		};
		AE6FD8732AE0CD32002F5A88 /* Build configuration list for PBXNativeTarget "CodableUtils" */ = {
			isa = XCConfigurationList;
			buildConfigurations = (
				AE6FD8742AE0CD32002F5A88 /* Debug */,
				AE6FD8752AE0CD32002F5A88 /* Release */,
			);
			defaultConfigurationIsVisible = 0;
			defaultConfigurationName = Release;
		};
/* End XCConfigurationList section */
	};
	rootObject = AE6FD8572AE0CD31002F5A88 /* Project object */;
}
